
Microsoft Visual Studio Solution File, Format Version 11.00
# Visual Studio 2010
# SharpDevelop 5.1
Project("{FAE04EC0-301F-11D3-BF4B-00C04F79EFBC}") = "Multiplication Table", "Multiplication Table\Multiplication Table.csproj", "{F65F9931-2E47-4610-A8D2-8B43831B8527}"
EndProject
Global
	GlobalSection(SolutionConfigurationPlatforms) = preSolution
		Debug|Any CPU = Debug|Any CPU
		Release|Any CPU = Release|Any CPU
	EndGlobalSection
	GlobalSection(ProjectConfigurationPlatforms) = postSolution
		{F65F9931-2E47-4610-A8D2-8B43831B8527}.Debug|Any CPU.ActiveCfg = Debug|Any CPU
		{F65F9931-2E47-4610-A8D2-8B43831B8527}.Debug|Any CPU.Build.0 = Debug|Any CPU
		{F65F9931-2E47-4610-A8D2-8B43831B8527}.Release|Any CPU.ActiveCfg = Release|Any CPU
		{F65F9931-2E47-4610-A8D2-8B43831B8527}.Release|Any CPU.Build.0 = Release|Any CPU
	EndGlobalSection
EndGlobal
